<Solution>
  <Folder Name="/src/">
    <Project Path="src/OrderManagement.Api/OrderManagement.Api.csproj" />
    <Project Path="src/OrderManagement.Application/OrderManagement.Application.csproj" />
    <Project Path="src/OrderManagement.Domain/OrderManagement.Domain.csproj" />
    <Project Path="src/OrderManagement.Infrastructure/OrderManagement.Infrastructure.csproj" />
  </Folder>
  <Folder Name="/tests/">
    <Project Path="tests/OrderManagement.Api.Tests/OrderManagement.Api.Tests.csproj" />
    <Project Path="tests/OrderManagement.Application.Tests/OrderManagement.Application.Tests.csproj" />
    <Project Path="tests/OrderManagement.Domain.Tests/OrderManagement.Domain.Tests.csproj" />
  </Folder>
</Solution>
