
Microsoft Visual Studio Solution File, Format Version 12.00
# Visual Studio Version 17
VisualStudioVersion = 17.0.31903.59
MinimumVisualStudioVersion = 10.0.40219.1
Project("{2150E333-8FDC-42A3-9474-1A3956D46DE8}") = "src", "src", "{827E0CD3-B72D-47B6-A68D-7590B98EB39B}"
EndProject
Project("{FAE04EC0-301F-11D3-BF4B-00C04F79EFBC}") = "Domain", "src\Domain\Domain.csproj", "{BF3F80D1-21BB-4B3A-961D-222C12FBE937}"
EndProject
Project("{FAE04EC0-301F-11D3-BF4B-00C04F79EFBC}") = "Application", "src\Application\Application.csproj", "{C9D79710-6132-4737-8E7B-79A4D6B577D0}"
EndProject
Project("{FAE04EC0-301F-11D3-BF4B-00C04F79EFBC}") = "Infrastructure", "src\Infrastructure\Infrastructure.csproj", "{C6D33E98-1432-4F5B-AECB-38D39286F592}"
EndProject
Project("{FAE04EC0-301F-11D3-BF4B-00C04F79EFBC}") = "Api", "src\Api\Api.csproj", "{09424B60-7BA4-428C-9B36-8E9743EAC729}"
EndProject
Project("{2150E333-8FDC-42A3-9474-1A3956D46DE8}") = "tests", "tests", "{0AB3BF05-4346-4AA6-1389-037BE0695223}"
EndProject
Project("{FAE04EC0-301F-11D3-BF4B-00C04F79EFBC}") = "Domain.Tests", "tests\Domain.Tests\Domain.Tests.csproj", "{2F31665C-8D40-41EB-82FE-E5CF12D1F2FC}"
EndProject
Project("{FAE04EC0-301F-11D3-BF4B-00C04F79EFBC}") = "Application.Tests", "tests\Application.Tests\Application.Tests.csproj", "{7DDA68C6-85C2-4185-AE2D-A56B57904296}"
EndProject
Project("{FAE04EC0-301F-11D3-BF4B-00C04F79EFBC}") = "Api.Tests", "tests\Api.Tests\Api.Tests.csproj", "{D15CC195-32CA-4A37-A105-69CA369C86E1}"
EndProject
Global
	GlobalSection(SolutionConfigurationPlatforms) = preSolution
		Debug|Any CPU = Debug|Any CPU
		Debug|x64 = Debug|x64
		Debug|x86 = Debug|x86
		Release|Any CPU = Release|Any CPU
		Release|x64 = Release|x64
		Release|x86 = Release|x86
	EndGlobalSection
	GlobalSection(ProjectConfigurationPlatforms) = postSolution
		{BF3F80D1-21BB-4B3A-961D-222C12FBE937}.Debug|Any CPU.ActiveCfg = Debug|Any CPU
		{BF3F80D1-21BB-4B3A-961D-222C12FBE937}.Debug|Any CPU.Build.0 = Debug|Any CPU
		{BF3F80D1-21BB-4B3A-961D-222C12FBE937}.Debug|x64.ActiveCfg = Debug|Any CPU
		{BF3F80D1-21BB-4B3A-961D-222C12FBE937}.Debug|x64.Build.0 = Debug|Any CPU
		{BF3F80D1-21BB-4B3A-961D-222C12FBE937}.Debug|x86.ActiveCfg = Debug|Any CPU
		{BF3F80D1-21BB-4B3A-961D-222C12FBE937}.Debug|x86.Build.0 = Debug|Any CPU
		{BF3F80D1-21BB-4B3A-961D-222C12FBE937}.Release|Any CPU.ActiveCfg = Release|Any CPU
		{BF3F80D1-21BB-4B3A-961D-222C12FBE937}.Release|Any CPU.Build.0 = Release|Any CPU
		{BF3F80D1-21BB-4B3A-961D-222C12FBE937}.Release|x64.ActiveCfg = Release|Any CPU
		{BF3F80D1-21BB-4B3A-961D-222C12FBE937}.Release|x64.Build.0 = Release|Any CPU
		{BF3F80D1-21BB-4B3A-961D-222C12FBE937}.Release|x86.ActiveCfg = Release|Any CPU
		{BF3F80D1-21BB-4B3A-961D-222C12FBE937}.Release|x86.Build.0 = Release|Any CPU
		{C9D79710-6132-4737-8E7B-79A4D6B577D0}.Debug|Any CPU.ActiveCfg = Debug|Any CPU
		{C9D79710-6132-4737-8E7B-79A4D6B577D0}.Debug|Any CPU.Build.0 = Debug|Any CPU
		{C9D79710-6132-4737-8E7B-79A4D6B577D0}.Debug|x64.ActiveCfg = Debug|Any CPU
		{C9D79710-6132-4737-8E7B-79A4D6B577D0}.Debug|x64.Build.0 = Debug|Any CPU
		{C9D79710-6132-4737-8E7B-79A4D6B577D0}.Debug|x86.ActiveCfg = Debug|Any CPU
		{C9D79710-6132-4737-8E7B-79A4D6B577D0}.Debug|x86.Build.0 = Debug|Any CPU
		{C9D79710-6132-4737-8E7B-79A4D6B577D0}.Release|Any CPU.ActiveCfg = Release|Any CPU
		{C9D79710-6132-4737-8E7B-79A4D6B577D0}.Release|Any CPU.Build.0 = Release|Any CPU
		{C9D79710-6132-4737-8E7B-79A4D6B577D0}.Release|x64.ActiveCfg = Release|Any CPU
		{C9D79710-6132-4737-8E7B-79A4D6B577D0}.Release|x64.Build.0 = Release|Any CPU
		{C9D79710-6132-4737-8E7B-79A4D6B577D0}.Release|x86.ActiveCfg = Release|Any CPU
		{C9D79710-6132-4737-8E7B-79A4D6B577D0}.Release|x86.Build.0 = Release|Any CPU
		{C6D33E98-1432-4F5B-AECB-38D39286F592}.Debug|Any CPU.ActiveCfg = Debug|Any CPU
		{C6D33E98-1432-4F5B-AECB-38D39286F592}.Debug|Any CPU.Build.0 = Debug|Any CPU
		{C6D33E98-1432-4F5B-AECB-38D39286F592}.Debug|x64.ActiveCfg = Debug|Any CPU
		{C6D33E98-1432-4F5B-AECB-38D39286F592}.Debug|x64.Build.0 = Debug|Any CPU
		{C6D33E98-1432-4F5B-AECB-38D39286F592}.Debug|x86.ActiveCfg = Debug|Any CPU
		{C6D33E98-1432-4F5B-AECB-38D39286F592}.Debug|x86.Build.0 = Debug|Any CPU
		{C6D33E98-1432-4F5B-AECB-38D39286F592}.Release|Any CPU.ActiveCfg = Release|Any CPU
		{C6D33E98-1432-4F5B-AECB-38D39286F592}.Release|Any CPU.Build.0 = Release|Any CPU
		{C6D33E98-1432-4F5B-AECB-38D39286F592}.Release|x64.ActiveCfg = Release|Any CPU
		{C6D33E98-1432-4F5B-AECB-38D39286F592}.Release|x64.Build.0 = Release|Any CPU
		{C6D33E98-1432-4F5B-AECB-38D39286F592}.Release|x86.ActiveCfg = Release|Any CPU
		{C6D33E98-1432-4F5B-AECB-38D39286F592}.Release|x86.Build.0 = Release|Any CPU
		{09424B60-7BA4-428C-9B36-8E9743EAC729}.Debug|Any CPU.ActiveCfg = Debug|Any CPU
		{09424B60-7BA4-428C-9B36-8E9743EAC729}.Debug|Any CPU.Build.0 = Debug|Any CPU
		{09424B60-7BA4-428C-9B36-8E9743EAC729}.Debug|x64.ActiveCfg = Debug|Any CPU
		{09424B60-7BA4-428C-9B36-8E9743EAC729}.Debug|x64.Build.0 = Debug|Any CPU
		{09424B60-7BA4-428C-9B36-8E9743EAC729}.Debug|x86.ActiveCfg = Debug|Any CPU
		{09424B60-7BA4-428C-9B36-8E9743EAC729}.Debug|x86.Build.0 = Debug|Any CPU
		{09424B60-7BA4-428C-9B36-8E9743EAC729}.Release|Any CPU.ActiveCfg = Release|Any CPU
		{09424B60-7BA4-428C-9B36-8E9743EAC729}.Release|Any CPU.Build.0 = Release|Any CPU
		{09424B60-7BA4-428C-9B36-8E9743EAC729}.Release|x64.ActiveCfg = Release|Any CPU
		{09424B60-7BA4-428C-9B36-8E9743EAC729}.Release|x64.Build.0 = Release|Any CPU
		{09424B60-7BA4-428C-9B36-8E9743EAC729}.Release|x86.ActiveCfg = Release|Any CPU
		{09424B60-7BA4-428C-9B36-8E9743EAC729}.Release|x86.Build.0 = Release|Any CPU
		{2F31665C-8D40-41EB-82FE-E5CF12D1F2FC}.Debug|Any CPU.ActiveCfg = Debug|Any CPU
		{2F31665C-8D40-41EB-82FE-E5CF12D1F2FC}.Debug|Any CPU.Build.0 = Debug|Any CPU
		{2F31665C-8D40-41EB-82FE-E5CF12D1F2FC}.Debug|x64.ActiveCfg = Debug|Any CPU
		{2F31665C-8D40-41EB-82FE-E5CF12D1F2FC}.Debug|x64.Build.0 = Debug|Any CPU
		{2F31665C-8D40-41EB-82FE-E5CF12D1F2FC}.Debug|x86.ActiveCfg = Debug|Any CPU
		{2F31665C-8D40-41EB-82FE-E5CF12D1F2FC}.Debug|x86.Build.0 = Debug|Any CPU
		{2F31665C-8D40-41EB-82FE-E5CF12D1F2FC}.Release|Any CPU.ActiveCfg = Release|Any CPU
		{2F31665C-8D40-41EB-82FE-E5CF12D1F2FC}.Release|Any CPU.Build.0 = Release|Any CPU
		{2F31665C-8D40-41EB-82FE-E5CF12D1F2FC}.Release|x64.ActiveCfg = Release|Any CPU
		{2F31665C-8D40-41EB-82FE-E5CF12D1F2FC}.Release|x64.Build.0 = Release|Any CPU
		{2F31665C-8D40-41EB-82FE-E5CF12D1F2FC}.Release|x86.ActiveCfg = Release|Any CPU
		{2F31665C-8D40-41EB-82FE-E5CF12D1F2FC}.Release|x86.Build.0 = Release|Any CPU
		{7DDA68C6-85C2-4185-AE2D-A56B57904296}.Debug|Any CPU.ActiveCfg = Debug|Any CPU
		{7DDA68C6-85C2-4185-AE2D-A56B57904296}.Debug|Any CPU.Build.0 = Debug|Any CPU
		{7DDA68C6-85C2-4185-AE2D-A56B57904296}.Debug|x64.ActiveCfg = Debug|Any CPU
		{7DDA68C6-85C2-4185-AE2D-A56B57904296}.Debug|x64.Build.0 = Debug|Any CPU
		{7DDA68C6-85C2-4185-AE2D-A56B57904296}.Debug|x86.ActiveCfg = Debug|Any CPU
		{7DDA68C6-85C2-4185-AE2D-A56B57904296}.Debug|x86.Build.0 = Debug|Any CPU
		{7DDA68C6-85C2-4185-AE2D-A56B57904296}.Release|Any CPU.ActiveCfg = Release|Any CPU
		{7DDA68C6-85C2-4185-AE2D-A56B57904296}.Release|Any CPU.Build.0 = Release|Any CPU
		{7DDA68C6-85C2-4185-AE2D-A56B57904296}.Release|x64.ActiveCfg = Release|Any CPU
		{7DDA68C6-85C2-4185-AE2D-A56B57904296}.Release|x64.Build.0 = Release|Any CPU
		{7DDA68C6-85C2-4185-AE2D-A56B57904296}.Release|x86.ActiveCfg = Release|Any CPU
		{7DDA68C6-85C2-4185-AE2D-A56B57904296}.Release|x86.Build.0 = Release|Any CPU
		{D15CC195-32CA-4A37-A105-69CA369C86E1}.Debug|Any CPU.ActiveCfg = Debug|Any CPU
		{D15CC195-32CA-4A37-A105-69CA369C86E1}.Debug|Any CPU.Build.0 = Debug|Any CPU
		{D15CC195-32CA-4A37-A105-69CA369C86E1}.Debug|x64.ActiveCfg = Debug|Any CPU
		{D15CC195-32CA-4A37-A105-69CA369C86E1}.Debug|x64.Build.0 = Debug|Any CPU
		{D15CC195-32CA-4A37-A105-69CA369C86E1}.Debug|x86.ActiveCfg = Debug|Any CPU
		{D15CC195-32CA-4A37-A105-69CA369C86E1}.Debug|x86.Build.0 = Debug|Any CPU
		{D15CC195-32CA-4A37-A105-69CA369C86E1}.Release|Any CPU.ActiveCfg = Release|Any CPU
		{D15CC195-32CA-4A37-A105-69CA369C86E1}.Release|Any CPU.Build.0 = Release|Any CPU
		{D15CC195-32CA-4A37-A105-69CA369C86E1}.Release|x64.ActiveCfg = Release|Any CPU
		{D15CC195-32CA-4A37-A105-69CA369C86E1}.Release|x64.Build.0 = Release|Any CPU
		{D15CC195-32CA-4A37-A105-69CA369C86E1}.Release|x86.ActiveCfg = Release|Any CPU
		{D15CC195-32CA-4A37-A105-69CA369C86E1}.Release|x86.Build.0 = Release|Any CPU
	EndGlobalSection
	GlobalSection(SolutionProperties) = preSolution
		HideSolutionNode = FALSE
	EndGlobalSection
	GlobalSection(NestedProjects) = preSolution
		{BF3F80D1-21BB-4B3A-961D-222C12FBE937} = {827E0CD3-B72D-47B6-A68D-7590B98EB39B}
		{C9D79710-6132-4737-8E7B-79A4D6B577D0} = {827E0CD3-B72D-47B6-A68D-7590B98EB39B}
		{C6D33E98-1432-4F5B-AECB-38D39286F592} = {827E0CD3-B72D-47B6-A68D-7590B98EB39B}
		{09424B60-7BA4-428C-9B36-8E9743EAC729} = {827E0CD3-B72D-47B6-A68D-7590B98EB39B}
		{2F31665C-8D40-41EB-82FE-E5CF12D1F2FC} = {0AB3BF05-4346-4AA6-1389-037BE0695223}
		{7DDA68C6-85C2-4185-AE2D-A56B57904296} = {0AB3BF05-4346-4AA6-1389-037BE0695223}
		{D15CC195-32CA-4A37-A105-69CA369C86E1} = {0AB3BF05-4346-4AA6-1389-037BE0695223}
	EndGlobalSection
EndGlobal
